// !$*UTF8*$!
{
	archiveVersion = 1;
	classes = {
	};
	objectVersion = 56;
	objects = {

/* Begin PBXBuildFile section */
		00306FE92D355D3800CD8516 /* NextStepApp.swift in Sources */ = {isa = PBXBuildFile; fileRef = 00306FE82D355D3800CD8516 /* NextStepApp.swift */; };
		00306FEB2D355D3800CD8516 /* ContentView.swift in Sources */ = {isa = PBXBuildFile; fileRef = 00306FEA2D355D3800CD8516 /* ContentView.swift */; };
		00306FED2D355D3800CD8516 /* Item.swift in Sources */ = {isa = PBXBuildFile; fileRef = 00306FEC2D355D3800CD8516 /* Item.swift */; };
		00306FEF2D355D3900CD8516 /* Assets.xcassets in Resources */ = {isa = PBXBuildFile; fileRef = 00306FEE2D355D3900CD8516 /* Assets.xcassets */; };
		00306FF22D355D3900CD8516 /* Preview Assets.xcassets in Resources */ = {isa = PBXBuildFile; fileRef = 00306FF12D355D3900CD8516 /* Preview Assets.xcassets */; };
		00306FFC2D355D3900CD8516 /* NextStepTests.swift in Sources */ = {isa = PBXBuildFile; fileRef = 00306FFB2D355D3900CD8516 /* NextStepTests.swift */; };
		003070062D355D3900CD8516 /* NextStepUITests.swift in Sources */ = {isa = PBXBuildFile; fileRef = 003070052D355D3900CD8516 /* NextStepUITests.swift */; };
		003070082D355D3900CD8516 /* NextStepUITestsLaunchTests.swift in Sources */ = {isa = PBXBuildFile; fileRef = 003070072D355D3900CD8516 /* NextStepUITestsLaunchTests.swift */; };
		003070162D355E8B00CD8516 /* TabBarViewModel.swift in Sources */ = {isa = PBXBuildFile; fileRef = 003070152D355E8B00CD8516 /* TabBarViewModel.swift */; };
		0030701B2D355ECB00CD8516 /* TabBarView.swift in Sources */ = {isa = PBXBuildFile; fileRef = 0030701A2D355ECB00CD8516 /* TabBarView.swift */; };
		0030701E2D356EBA00CD8516 /* ColorExtension.swift in Sources */ = {isa = PBXBuildFile; fileRef = 0030701D2D356EBA00CD8516 /* ColorExtension.swift */; };
		003070202D356ED300CD8516 /* CustomFonts.swift in Sources */ = {isa = PBXBuildFile; fileRef = 0030701F2D356ED300CD8516 /* CustomFonts.swift */; };
		0030702B2D356F3A00CD8516 /* Onest-Regular.ttf in Resources */ = {isa = PBXBuildFile; fileRef = 003070222D356F3A00CD8516 /* Onest-Regular.ttf */; };
		0030702C2D356F3A00CD8516 /* Onest-Regular.ttf in Resources */ = {isa = PBXBuildFile; fileRef = 003070222D356F3A00CD8516 /* Onest-Regular.ttf */; };
		0030702D2D356F3A00CD8516 /* Onest-Regular.ttf in Resources */ = {isa = PBXBuildFile; fileRef = 003070222D356F3A00CD8516 /* Onest-Regular.ttf */; };
		0030702E2D356F3A00CD8516 /* Onest-Thin.ttf in Resources */ = {isa = PBXBuildFile; fileRef = 003070232D356F3A00CD8516 /* Onest-Thin.ttf */; };
		0030702F2D356F3A00CD8516 /* Onest-Thin.ttf in Resources */ = {isa = PBXBuildFile; fileRef = 003070232D356F3A00CD8516 /* Onest-Thin.ttf */; };
		003070302D356F3A00CD8516 /* Onest-Thin.ttf in Resources */ = {isa = PBXBuildFile; fileRef = 003070232D356F3A00CD8516 /* Onest-Thin.ttf */; };
		003070312D356F3A00CD8516 /* Onest-Black.ttf in Resources */ = {isa = PBXBuildFile; fileRef = 003070242D356F3A00CD8516 /* Onest-Black.ttf */; };
		003070322D356F3A00CD8516 /* Onest-Black.ttf in Resources */ = {isa = PBXBuildFile; fileRef = 003070242D356F3A00CD8516 /* Onest-Black.ttf */; };
		003070332D356F3A00CD8516 /* Onest-Black.ttf in Resources */ = {isa = PBXBuildFile; fileRef = 003070242D356F3A00CD8516 /* Onest-Black.ttf */; };
		003070342D356F3A00CD8516 /* Onest-Bold.ttf in Resources */ = {isa = PBXBuildFile; fileRef = 003070252D356F3A00CD8516 /* Onest-Bold.ttf */; };
		003070352D356F3A00CD8516 /* Onest-Bold.ttf in Resources */ = {isa = PBXBuildFile; fileRef = 003070252D356F3A00CD8516 /* Onest-Bold.ttf */; };
		003070362D356F3A00CD8516 /* Onest-Bold.ttf in Resources */ = {isa = PBXBuildFile; fileRef = 003070252D356F3A00CD8516 /* Onest-Bold.ttf */; };
		003070372D356F3A00CD8516 /* Onest-ExtraBold.ttf in Resources */ = {isa = PBXBuildFile; fileRef = 003070262D356F3A00CD8516 /* Onest-ExtraBold.ttf */; };
		003070382D356F3A00CD8516 /* Onest-ExtraBold.ttf in Resources */ = {isa = PBXBuildFile; fileRef = 003070262D356F3A00CD8516 /* Onest-ExtraBold.ttf */; };
		003070392D356F3A00CD8516 /* Onest-ExtraBold.ttf in Resources */ = {isa = PBXBuildFile; fileRef = 003070262D356F3A00CD8516 /* Onest-ExtraBold.ttf */; };
		0030703A2D356F3A00CD8516 /* Onest-Light.ttf in Resources */ = {isa = PBXBuildFile; fileRef = 003070272D356F3A00CD8516 /* Onest-Light.ttf */; };
		0030703B2D356F3A00CD8516 /* Onest-Light.ttf in Resources */ = {isa = PBXBuildFile; fileRef = 003070272D356F3A00CD8516 /* Onest-Light.ttf */; };
		0030703C2D356F3A00CD8516 /* Onest-Light.ttf in Resources */ = {isa = PBXBuildFile; fileRef = 003070272D356F3A00CD8516 /* Onest-Light.ttf */; };
		0030703D2D356F3A00CD8516 /* Onest-Medium.ttf in Resources */ = {isa = PBXBuildFile; fileRef = 003070282D356F3A00CD8516 /* Onest-Medium.ttf */; };
		0030703E2D356F3A00CD8516 /* Onest-Medium.ttf in Resources */ = {isa = PBXBuildFile; fileRef = 003070282D356F3A00CD8516 /* Onest-Medium.ttf */; };
		0030703F2D356F3A00CD8516 /* Onest-Medium.ttf in Resources */ = {isa = PBXBuildFile; fileRef = 003070282D356F3A00CD8516 /* Onest-Medium.ttf */; };
		003070402D356F3A00CD8516 /* Onest-SemiBold.ttf in Resources */ = {isa = PBXBuildFile; fileRef = 003070292D356F3A00CD8516 /* Onest-SemiBold.ttf */; };
		003070412D356F3A00CD8516 /* Onest-SemiBold.ttf in Resources */ = {isa = PBXBuildFile; fileRef = 003070292D356F3A00CD8516 /* Onest-SemiBold.ttf */; };
		003070422D356F3A00CD8516 /* Onest-SemiBold.ttf in Resources */ = {isa = PBXBuildFile; fileRef = 003070292D356F3A00CD8516 /* Onest-SemiBold.ttf */; };
		003070432D356F3A00CD8516 /* Onest-ExtraLight.ttf in Resources */ = {isa = PBXBuildFile; fileRef = 0030702A2D356F3A00CD8516 /* Onest-ExtraLight.ttf */; };
		003070442D356F3A00CD8516 /* Onest-ExtraLight.ttf in Resources */ = {isa = PBXBuildFile; fileRef = 0030702A2D356F3A00CD8516 /* Onest-ExtraLight.ttf */; };
		003070452D356F3A00CD8516 /* Onest-ExtraLight.ttf in Resources */ = {isa = PBXBuildFile; fileRef = 0030702A2D356F3A00CD8516 /* Onest-ExtraLight.ttf */; };
/* End PBXBuildFile section */

/* Begin PBXContainerItemProxy section */
		00306FF82D355D3900CD8516 /* PBXContainerItemProxy */ = {
			isa = PBXContainerItemProxy;
			containerPortal = 00306FDD2D355D3800CD8516 /* Project object */;
			proxyType = 1;
			remoteGlobalIDString = 00306FE42D355D3800CD8516;
			remoteInfo = NextStep;
		};
		003070022D355D3900CD8516 /* PBXContainerItemProxy */ = {
			isa = PBXContainerItemProxy;
			containerPortal = 00306FDD2D355D3800CD8516 /* Project object */;
			proxyType = 1;
			remoteGlobalIDString = 00306FE42D355D3800CD8516;
			remoteInfo = NextStep;
		};
/* End PBXContainerItemProxy section */

/* Begin PBXFileReference section */
		00306FE52D355D3800CD8516 /* NextStep.app */ = {isa = PBXFileReference; explicitFileType = wrapper.application; includeInIndex = 0; path = NextStep.app; sourceTree = BUILT_PRODUCTS_DIR; };
		00306FE82D355D3800CD8516 /* NextStepApp.swift */ = {isa = PBXFileReference; lastKnownFileType = sourcecode.swift; path = NextStepApp.swift; sourceTree = "<group>"; };
		00306FEA2D355D3800CD8516 /* ContentView.swift */ = {isa = PBXFileReference; lastKnownFileType = sourcecode.swift; path = ContentView.swift; sourceTree = "<group>"; };
		00306FEC2D355D3800CD8516 /* Item.swift */ = {isa = PBXFileReference; lastKnownFileType = sourcecode.swift; path = Item.swift; sourceTree = "<group>"; };
		00306FEE2D355D3900CD8516 /* Assets.xcassets */ = {isa = PBXFileReference; lastKnownFileType = folder.assetcatalog; path = Assets.xcassets; sourceTree = "<group>"; };
		00306FF12D355D3900CD8516 /* Preview Assets.xcassets */ = {isa = PBXFileReference; lastKnownFileType = folder.assetcatalog; path = "Preview Assets.xcassets"; sourceTree = "<group>"; };
		00306FF72D355D3900CD8516 /* NextStepTests.xctest */ = {isa = PBXFileReference; explicitFileType = wrapper.cfbundle; includeInIndex = 0; path = NextStepTests.xctest; sourceTree = BUILT_PRODUCTS_DIR; };
		00306FFB2D355D3900CD8516 /* NextStepTests.swift */ = {isa = PBXFileReference; lastKnownFileType = sourcecode.swift; path = NextStepTests.swift; sourceTree = "<group>"; };
		003070012D355D3900CD8516 /* NextStepUITests.xctest */ = {isa = PBXFileReference; explicitFileType = wrapper.cfbundle; includeInIndex = 0; path = NextStepUITests.xctest; sourceTree = BUILT_PRODUCTS_DIR; };
		003070052D355D3900CD8516 /* NextStepUITests.swift */ = {isa = PBXFileReference; lastKnownFileType = sourcecode.swift; path = NextStepUITests.swift; sourceTree = "<group>"; };
		003070072D355D3900CD8516 /* NextStepUITestsLaunchTests.swift */ = {isa = PBXFileReference; lastKnownFileType = sourcecode.swift; path = NextStepUITestsLaunchTests.swift; sourceTree = "<group>"; };
		003070152D355E8B00CD8516 /* TabBarViewModel.swift */ = {isa = PBXFileReference; lastKnownFileType = sourcecode.swift; path = TabBarViewModel.swift; sourceTree = "<group>"; };
		0030701A2D355ECB00CD8516 /* TabBarView.swift */ = {isa = PBXFileReference; lastKnownFileType = sourcecode.swift; path = TabBarView.swift; sourceTree = "<group>"; };
		0030701D2D356EBA00CD8516 /* ColorExtension.swift */ = {isa = PBXFileReference; lastKnownFileType = sourcecode.swift; path = ColorExtension.swift; sourceTree = "<group>"; };
		0030701F2D356ED300CD8516 /* CustomFonts.swift */ = {isa = PBXFileReference; lastKnownFileType = sourcecode.swift; path = CustomFonts.swift; sourceTree = "<group>"; };
		003070222D356F3A00CD8516 /* Onest-Regular.ttf */ = {isa = PBXFileReference; lastKnownFileType = file; path = "Onest-Regular.ttf"; sourceTree = "<group>"; };
		003070232D356F3A00CD8516 /* Onest-Thin.ttf */ = {isa = PBXFileReference; lastKnownFileType = file; path = "Onest-Thin.ttf"; sourceTree = "<group>"; };
		003070242D356F3A00CD8516 /* Onest-Black.ttf */ = {isa = PBXFileReference; lastKnownFileType = file; path = "Onest-Black.ttf"; sourceTree = "<group>"; };
		003070252D356F3A00CD8516 /* Onest-Bold.ttf */ = {isa = PBXFileReference; lastKnownFileType = file; path = "Onest-Bold.ttf"; sourceTree = "<group>"; };
		003070262D356F3A00CD8516 /* Onest-ExtraBold.ttf */ = {isa = PBXFileReference; lastKnownFileType = file; path = "Onest-ExtraBold.ttf"; sourceTree = "<group>"; };
		003070272D356F3A00CD8516 /* Onest-Light.ttf */ = {isa = PBXFileReference; lastKnownFileType = file; path = "Onest-Light.ttf"; sourceTree = "<group>"; };
		003070282D356F3A00CD8516 /* Onest-Medium.ttf */ = {isa = PBXFileReference; lastKnownFileType = file; path = "Onest-Medium.ttf"; sourceTree = "<group>"; };
		003070292D356F3A00CD8516 /* Onest-SemiBold.ttf */ = {isa = PBXFileReference; lastKnownFileType = file; path = "Onest-SemiBold.ttf"; sourceTree = "<group>"; };
		0030702A2D356F3A00CD8516 /* Onest-ExtraLight.ttf */ = {isa = PBXFileReference; lastKnownFileType = file; path = "Onest-ExtraLight.ttf"; sourceTree = "<group>"; };
/* End PBXFileReference section */

/* Begin PBXFrameworksBuildPhase section */
		00306FE22D355D3800CD8516 /* Frameworks */ = {
			isa = PBXFrameworksBuildPhase;
			buildActionMask = 2147483647;
			files = (
			);
			runOnlyForDeploymentPostprocessing = 0;
		};
		00306FF42D355D3900CD8516 /* Frameworks */ = {
			isa = PBXFrameworksBuildPhase;
			buildActionMask = 2147483647;
			files = (
			);
			runOnlyForDeploymentPostprocessing = 0;
		};
		00306FFE2D355D3900CD8516 /* Frameworks */ = {
			isa = PBXFrameworksBuildPhase;
			buildActionMask = 2147483647;
			files = (
			);
			runOnlyForDeploymentPostprocessing = 0;
		};
/* End PBXFrameworksBuildPhase section */

/* Begin PBXGroup section */
		00306FDC2D355D3800CD8516 = {
			isa = PBXGroup;
			children = (
				00306FE72D355D3800CD8516 /* NextStep */,
				00306FFA2D355D3900CD8516 /* NextStepTests */,
				003070042D355D3900CD8516 /* NextStepUITests */,
				00306FE62D355D3800CD8516 /* Products */,
			);
			sourceTree = "<group>";
		};
		00306FE62D355D3800CD8516 /* Products */ = {
			isa = PBXGroup;
			children = (
				00306FE52D355D3800CD8516 /* NextStep.app */,
				00306FF72D355D3900CD8516 /* NextStepTests.xctest */,
				003070012D355D3900CD8516 /* NextStepUITests.xctest */,
			);
			name = Products;
			sourceTree = "<group>";
		};
		00306FE72D355D3800CD8516 /* NextStep */ = {
			isa = PBXGroup;
			children = (
				0030701C2D356E9400CD8516 /* Utilities */,
				003070192D355EB800CD8516 /* ViewModel */,
				003070182D355EB300CD8516 /* Model */,
				003070172D355EAD00CD8516 /* View */,
				00306FE82D355D3800CD8516 /* NextStepApp.swift */,
				00306FEA2D355D3800CD8516 /* ContentView.swift */,
				00306FEC2D355D3800CD8516 /* Item.swift */,
				00306FEE2D355D3900CD8516 /* Assets.xcassets */,
				00306FF02D355D3900CD8516 /* Preview Content */,
			);
			path = NextStep;
			sourceTree = "<group>";
		};
		00306FF02D355D3900CD8516 /* Preview Content */ = {
			isa = PBXGroup;
			children = (
				00306FF12D355D3900CD8516 /* Preview Assets.xcassets */,
			);
			path = "Preview Content";
			sourceTree = "<group>";
		};
		00306FFA2D355D3900CD8516 /* NextStepTests */ = {
			isa = PBXGroup;
			children = (
				00306FFB2D355D3900CD8516 /* NextStepTests.swift */,
			);
			path = NextStepTests;
			sourceTree = "<group>";
		};
		003070042D355D3900CD8516 /* NextStepUITests */ = {
			isa = PBXGroup;
			children = (
				003070052D355D3900CD8516 /* NextStepUITests.swift */,
				003070072D355D3900CD8516 /* NextStepUITestsLaunchTests.swift */,
			);
			path = NextStepUITests;
			sourceTree = "<group>";
		};
		003070172D355EAD00CD8516 /* View */ = {
			isa = PBXGroup;
			children = (
				0030701A2D355ECB00CD8516 /* TabBarView.swift */,
			);
			path = View;
			sourceTree = "<group>";
		};
		003070182D355EB300CD8516 /* Model */ = {
			isa = PBXGroup;
			children = (
			);
			path = Model;
			sourceTree = "<group>";
		};
		003070192D355EB800CD8516 /* ViewModel */ = {
			isa = PBXGroup;
			children = (
				003070152D355E8B00CD8516 /* TabBarViewModel.swift */,
			);
			path = ViewModel;
			sourceTree = "<group>";
		};
		0030701C2D356E9400CD8516 /* Utilities */ = {
			isa = PBXGroup;
			children = (
				003070212D356F2300CD8516 /* Fonts */,
				0030701D2D356EBA00CD8516 /* ColorExtension.swift */,
				0030701F2D356ED300CD8516 /* CustomFonts.swift */,
			);
			path = Utilities;
			sourceTree = "<group>";
		};
		003070212D356F2300CD8516 /* Fonts */ = {
			isa = PBXGroup;
			children = (
				003070242D356F3A00CD8516 /* Onest-Black.ttf */,
				003070252D356F3A00CD8516 /* Onest-Bold.ttf */,
				003070262D356F3A00CD8516 /* Onest-ExtraBold.ttf */,
				0030702A2D356F3A00CD8516 /* Onest-ExtraLight.ttf */,
				003070272D356F3A00CD8516 /* Onest-Light.ttf */,
				003070282D356F3A00CD8516 /* Onest-Medium.ttf */,
				003070222D356F3A00CD8516 /* Onest-Regular.ttf */,
				003070292D356F3A00CD8516 /* Onest-SemiBold.ttf */,
				003070232D356F3A00CD8516 /* Onest-Thin.ttf */,
			);
			path = Fonts;
			sourceTree = "<group>";
		};
/* End PBXGroup section */

/* Begin PBXNativeTarget section */
		00306FE42D355D3800CD8516 /* NextStep */ = {
			isa = PBXNativeTarget;
			buildConfigurationList = 0030700B2D355D3900CD8516 /* Build configuration list for PBXNativeTarget "NextStep" */;
			buildPhases = (
				00306FE12D355D3800CD8516 /* Sources */,
				00306FE22D355D3800CD8516 /* Frameworks */,
				00306FE32D355D3800CD8516 /* Resources */,
			);
			buildRules = (
			);
			dependencies = (
			);
			name = NextStep;
			productName = NextStep;
			productReference = 00306FE52D355D3800CD8516 /* NextStep.app */;
			productType = "com.apple.product-type.application";
		};
		00306FF62D355D3900CD8516 /* NextStepTests */ = {
			isa = PBXNativeTarget;
			buildConfigurationList = 0030700E2D355D3900CD8516 /* Build configuration list for PBXNativeTarget "NextStepTests" */;
			buildPhases = (
				00306FF32D355D3900CD8516 /* Sources */,
				00306FF42D355D3900CD8516 /* Frameworks */,
				00306FF52D355D3900CD8516 /* Resources */,
			);
			buildRules = (
			);
			dependencies = (
				00306FF92D355D3900CD8516 /* PBXTargetDependency */,
			);
			name = NextStepTests;
			productName = NextStepTests;
			productReference = 00306FF72D355D3900CD8516 /* NextStepTests.xctest */;
			productType = "com.apple.product-type.bundle.unit-test";
		};
		003070002D355D3900CD8516 /* NextStepUITests */ = {
			isa = PBXNativeTarget;
			buildConfigurationList = 003070112D355D3900CD8516 /* Build configuration list for PBXNativeTarget "NextStepUITests" */;
			buildPhases = (
				00306FFD2D355D3900CD8516 /* Sources */,
				00306FFE2D355D3900CD8516 /* Frameworks */,
				00306FFF2D355D3900CD8516 /* Resources */,
			);
			buildRules = (
			);
			dependencies = (
				003070032D355D3900CD8516 /* PBXTargetDependency */,
			);
			name = NextStepUITests;
			productName = NextStepUITests;
			productReference = 003070012D355D3900CD8516 /* NextStepUITests.xctest */;
			productType = "com.apple.product-type.bundle.ui-testing";
		};
/* End PBXNativeTarget section */

/* Begin PBXProject section */
		00306FDD2D355D3800CD8516 /* Project object */ = {
			isa = PBXProject;
			attributes = {
				BuildIndependentTargetsInParallel = 1;
				LastSwiftUpdateCheck = 1500;
				LastUpgradeCheck = 1500;
				TargetAttributes = {
					00306FE42D355D3800CD8516 = {
						CreatedOnToolsVersion = 15.0.1;
					};
					00306FF62D355D3900CD8516 = {
						CreatedOnToolsVersion = 15.0.1;
						TestTargetID = 00306FE42D355D3800CD8516;
					};
					003070002D355D3900CD8516 = {
						CreatedOnToolsVersion = 15.0.1;
						TestTargetID = 00306FE42D355D3800CD8516;
					};
				};
			};
			buildConfigurationList = 00306FE02D355D3800CD8516 /* Build configuration list for PBXProject "NextStep" */;
			compatibilityVersion = "Xcode 14.0";
			developmentRegion = en;
			hasScannedForEncodings = 0;
			knownRegions = (
				en,
				Base,
			);
			mainGroup = 00306FDC2D355D3800CD8516;
			productRefGroup = 00306FE62D355D3800CD8516 /* Products */;
			projectDirPath = "";
			projectRoot = "";
			targets = (
				00306FE42D355D3800CD8516 /* NextStep */,
				00306FF62D355D3900CD8516 /* NextStepTests */,
				003070002D355D3900CD8516 /* NextStepUITests */,
			);
		};
/* End PBXProject section */

/* Begin PBXResourcesBuildPhase section */
		00306FE32D355D3800CD8516 /* Resources */ = {
			isa = PBXResourcesBuildPhase;
			buildActionMask = 2147483647;
			files = (
				0030702B2D356F3A00CD8516 /* Onest-Regular.ttf in Resources */,
				0030703A2D356F3A00CD8516 /* Onest-Light.ttf in Resources */,
				003070342D356F3A00CD8516 /* Onest-Bold.ttf in Resources */,
				0030703D2D356F3A00CD8516 /* Onest-Medium.ttf in Resources */,
				00306FF22D355D3900CD8516 /* Preview Assets.xcassets in Resources */,
				00306FEF2D355D3900CD8516 /* Assets.xcassets in Resources */,
				003070312D356F3A00CD8516 /* Onest-Black.ttf in Resources */,
				003070432D356F3A00CD8516 /* Onest-ExtraLight.ttf in Resources */,
				003070372D356F3A00CD8516 /* Onest-ExtraBold.ttf in Resources */,
				0030702E2D356F3A00CD8516 /* Onest-Thin.ttf in Resources */,
				003070402D356F3A00CD8516 /* Onest-SemiBold.ttf in Resources */,
			);
			runOnlyForDeploymentPostprocessing = 0;
		};
		00306FF52D355D3900CD8516 /* Resources */ = {
			isa = PBXResourcesBuildPhase;
			buildActionMask = 2147483647;
			files = (
				003070382D356F3A00CD8516 /* Onest-ExtraBold.ttf in Resources */,
				0030703B2D356F3A00CD8516 /* Onest-Light.ttf in Resources */,
				003070322D356F3A00CD8516 /* Onest-Black.ttf in Resources */,
				003070412D356F3A00CD8516 /* Onest-SemiBold.ttf in Resources */,
				003070352D356F3A00CD8516 /* Onest-Bold.ttf in Resources */,
				0030702C2D356F3A00CD8516 /* Onest-Regular.ttf in Resources */,
				0030703E2D356F3A00CD8516 /* Onest-Medium.ttf in Resources */,
				003070442D356F3A00CD8516 /* Onest-ExtraLight.ttf in Resources */,
				0030702F2D356F3A00CD8516 /* Onest-Thin.ttf in Resources */,
			);
			runOnlyForDeploymentPostprocessing = 0;
		};
		00306FFF2D355D3900CD8516 /* Resources */ = {
			isa = PBXResourcesBuildPhase;
			buildActionMask = 2147483647;
			files = (
				003070392D356F3A00CD8516 /* Onest-ExtraBold.ttf in Resources */,
				0030703C2D356F3A00CD8516 /* Onest-Light.ttf in Resources */,
				003070332D356F3A00CD8516 /* Onest-Black.ttf in Resources */,
				003070422D356F3A00CD8516 /* Onest-SemiBold.ttf in Resources */,
				003070362D356F3A00CD8516 /* Onest-Bold.ttf in Resources */,
				0030702D2D356F3A00CD8516 /* Onest-Regular.ttf in Resources */,
				0030703F2D356F3A00CD8516 /* Onest-Medium.ttf in Resources */,
				003070452D356F3A00CD8516 /* Onest-ExtraLight.ttf in Resources */,
				003070302D356F3A00CD8516 /* Onest-Thin.ttf in Resources */,
			);
			runOnlyForDeploymentPostprocessing = 0;
		};
/* End PBXResourcesBuildPhase section */

/* Begin PBXSourcesBuildPhase section */
		00306FE12D355D3800CD8516 /* Sources */ = {
			isa = PBXSourcesBuildPhase;
			buildActionMask = 2147483647;
			files = (
				003070162D355E8B00CD8516 /* TabBarViewModel.swift in Sources */,
				00306FEB2D355D3800CD8516 /* ContentView.swift in Sources */,
				003070202D356ED300CD8516 /* CustomFonts.swift in Sources */,
				00306FED2D355D3800CD8516 /* Item.swift in Sources */,
				0030701E2D356EBA00CD8516 /* ColorExtension.swift in Sources */,
				0030701B2D355ECB00CD8516 /* TabBarView.swift in Sources */,
				00306FE92D355D3800CD8516 /* NextStepApp.swift in Sources */,
			);
			runOnlyForDeploymentPostprocessing = 0;
		};
		00306FF32D355D3900CD8516 /* Sources */ = {
			isa = PBXSourcesBuildPhase;
			buildActionMask = 2147483647;
			files = (
				00306FFC2D355D3900CD8516 /* NextStepTests.swift in Sources */,
			);
			runOnlyForDeploymentPostprocessing = 0;
		};
		00306FFD2D355D3900CD8516 /* Sources */ = {
			isa = PBXSourcesBuildPhase;
			buildActionMask = 2147483647;
			files = (
				003070082D355D3900CD8516 /* NextStepUITestsLaunchTests.swift in Sources */,
				003070062D355D3900CD8516 /* NextStepUITests.swift in Sources */,
			);
			runOnlyForDeploymentPostprocessing = 0;
		};
/* End PBXSourcesBuildPhase section */

/* Begin PBXTargetDependency section */
		00306FF92D355D3900CD8516 /* PBXTargetDependency */ = {
			isa = PBXTargetDependency;
			target = 00306FE42D355D3800CD8516 /* NextStep */;
			targetProxy = 00306FF82D355D3900CD8516 /* PBXContainerItemProxy */;
		};
		003070032D355D3900CD8516 /* PBXTargetDependency */ = {
			isa = PBXTargetDependency;
			target = 00306FE42D355D3800CD8516 /* NextStep */;
			targetProxy = 003070022D355D3900CD8516 /* PBXContainerItemProxy */;
		};
/* End PBXTargetDependency section */

/* Begin XCBuildConfiguration section */
		003070092D355D3900CD8516 /* Debug */ = {
			isa = XCBuildConfiguration;
			buildSettings = {
				ALWAYS_SEARCH_USER_PATHS = NO;
				ASSETCATALOG_COMPILER_GENERATE_SWIFT_ASSET_SYMBOL_EXTENSIONS = YES;
				CLANG_ANALYZER_NONNULL = YES;
				CLANG_ANALYZER_NUMBER_OBJECT_CONVERSION = YES_AGGRESSIVE;
				CLANG_CXX_LANGUAGE_STANDARD = "gnu++20";
				CLANG_ENABLE_MODULES = YES;
				CLANG_ENABLE_OBJC_ARC = YES;
				CLANG_ENABLE_OBJC_WEAK = YES;
				CLANG_WARN_BLOCK_CAPTURE_AUTORELEASING = YES;
				CLANG_WARN_BOOL_CONVERSION = YES;
				CLANG_WARN_COMMA = YES;
				CLANG_WARN_CONSTANT_CONVERSION = YES;
				CLANG_WARN_DEPRECATED_OBJC_IMPLEMENTATIONS = YES;
				CLANG_WARN_DIRECT_OBJC_ISA_USAGE = YES_ERROR;
				CLANG_WARN_DOCUMENTATION_COMMENTS = YES;
				CLANG_WARN_EMPTY_BODY = YES;
				CLANG_WARN_ENUM_CONVERSION = YES;
				CLANG_WARN_INFINITE_RECURSION = YES;
				CLANG_WARN_INT_CONVERSION = YES;
				CLANG_WARN_NON_LITERAL_NULL_CONVERSION = YES;
				CLANG_WARN_OBJC_IMPLICIT_RETAIN_SELF = YES;
				CLANG_WARN_OBJC_LITERAL_CONVERSION = YES;
				CLANG_WARN_OBJC_ROOT_CLASS = YES_ERROR;
				CLANG_WARN_QUOTED_INCLUDE_IN_FRAMEWORK_HEADER = YES;
				CLANG_WARN_RANGE_LOOP_ANALYSIS = YES;
				CLANG_WARN_STRICT_PROTOTYPES = YES;
				CLANG_WARN_SUSPICIOUS_MOVE = YES;
				CLANG_WARN_UNGUARDED_AVAILABILITY = YES_AGGRESSIVE;
				CLANG_WARN_UNREACHABLE_CODE = YES;
				CLANG_WARN__DUPLICATE_METHOD_MATCH = YES;
				COPY_PHASE_STRIP = NO;
				DEBUG_INFORMATION_FORMAT = dwarf;
				ENABLE_STRICT_OBJC_MSGSEND = YES;
				ENABLE_TESTABILITY = YES;
				ENABLE_USER_SCRIPT_SANDBOXING = YES;
				GCC_C_LANGUAGE_STANDARD = gnu17;
				GCC_DYNAMIC_NO_PIC = NO;
				GCC_NO_COMMON_BLOCKS = YES;
				GCC_OPTIMIZATION_LEVEL = 0;
				GCC_PREPROCESSOR_DEFINITIONS = (
					"DEBUG=1",
					"$(inherited)",
				);
				GCC_WARN_64_TO_32_BIT_CONVERSION = YES;
				GCC_WARN_ABOUT_RETURN_TYPE = YES_ERROR;
				GCC_WARN_UNDECLARED_SELECTOR = YES;
				GCC_WARN_UNINITIALIZED_AUTOS = YES_AGGRESSIVE;
				GCC_WARN_UNUSED_FUNCTION = YES;
				GCC_WARN_UNUSED_VARIABLE = YES;
				IPHONEOS_DEPLOYMENT_TARGET = 17.0;
				LOCALIZATION_PREFERS_STRING_CATALOGS = YES;
				MTL_ENABLE_DEBUG_INFO = INCLUDE_SOURCE;
				MTL_FAST_MATH = YES;
				ONLY_ACTIVE_ARCH = YES;
				SDKROOT = iphoneos;
				SWIFT_ACTIVE_COMPILATION_CONDITIONS = "DEBUG $(inherited)";
				SWIFT_OPTIMIZATION_LEVEL = "-Onone";
			};
			name = Debug;
		};
		0030700A2D355D3900CD8516 /* Release */ = {
			isa = XCBuildConfiguration;
			buildSettings = {
				ALWAYS_SEARCH_USER_PATHS = NO;
				ASSETCATALOG_COMPILER_GENERATE_SWIFT_ASSET_SYMBOL_EXTENSIONS = YES;
				CLANG_ANALYZER_NONNULL = YES;
				CLANG_ANALYZER_NUMBER_OBJECT_CONVERSION = YES_AGGRESSIVE;
				CLANG_CXX_LANGUAGE_STANDARD = "gnu++20";
				CLANG_ENABLE_MODULES = YES;
				CLANG_ENABLE_OBJC_ARC = YES;
				CLANG_ENABLE_OBJC_WEAK = YES;
				CLANG_WARN_BLOCK_CAPTURE_AUTORELEASING = YES;
				CLANG_WARN_BOOL_CONVERSION = YES;
				CLANG_WARN_COMMA = YES;
				CLANG_WARN_CONSTANT_CONVERSION = YES;
				CLANG_WARN_DEPRECATED_OBJC_IMPLEMENTATIONS = YES;
				CLANG_WARN_DIRECT_OBJC_ISA_USAGE = YES_ERROR;
				CLANG_WARN_DOCUMENTATION_COMMENTS = YES;
				CLANG_WARN_EMPTY_BODY = YES;
				CLANG_WARN_ENUM_CONVERSION = YES;
				CLANG_WARN_INFINITE_RECURSION = YES;
				CLANG_WARN_INT_CONVERSION = YES;
				CLANG_WARN_NON_LITERAL_NULL_CONVERSION = YES;
				CLANG_WARN_OBJC_IMPLICIT_RETAIN_SELF = YES;
				CLANG_WARN_OBJC_LITERAL_CONVERSION = YES;
				CLANG_WARN_OBJC_ROOT_CLASS = YES_ERROR;
				CLANG_WARN_QUOTED_INCLUDE_IN_FRAMEWORK_HEADER = YES;
				CLANG_WARN_RANGE_LOOP_ANALYSIS = YES;
				CLANG_WARN_STRICT_PROTOTYPES = YES;
				CLANG_WARN_SUSPICIOUS_MOVE = YES;
				CLANG_WARN_UNGUARDED_AVAILABILITY = YES_AGGRESSIVE;
				CLANG_WARN_UNREACHABLE_CODE = YES;
				CLANG_WARN__DUPLICATE_METHOD_MATCH = YES;
				COPY_PHASE_STRIP = NO;
				DEBUG_INFORMATION_FORMAT = "dwarf-with-dsym";
				ENABLE_NS_ASSERTIONS = NO;
				ENABLE_STRICT_OBJC_MSGSEND = YES;
				ENABLE_USER_SCRIPT_SANDBOXING = YES;
				GCC_C_LANGUAGE_STANDARD = gnu17;
				GCC_NO_COMMON_BLOCKS = YES;
				GCC_WARN_64_TO_32_BIT_CONVERSION = YES;
				GCC_WARN_ABOUT_RETURN_TYPE = YES_ERROR;
				GCC_WARN_UNDECLARED_SELECTOR = YES;
				GCC_WARN_UNINITIALIZED_AUTOS = YES_AGGRESSIVE;
				GCC_WARN_UNUSED_FUNCTION = YES;
				GCC_WARN_UNUSED_VARIABLE = YES;
				IPHONEOS_DEPLOYMENT_TARGET = 17.0;
				LOCALIZATION_PREFERS_STRING_CATALOGS = YES;
				MTL_ENABLE_DEBUG_INFO = NO;
				MTL_FAST_MATH = YES;
				SDKROOT = iphoneos;
				SWIFT_COMPILATION_MODE = wholemodule;
				VALIDATE_PRODUCT = YES;
			};
			name = Release;
		};
		0030700C2D355D3900CD8516 /* Debug */ = {
			isa = XCBuildConfiguration;
			buildSettings = {
				ASSETCATALOG_COMPILER_APPICON_NAME = AppIcon;
				ASSETCATALOG_COMPILER_GLOBAL_ACCENT_COLOR_NAME = AccentColor;
				CODE_SIGN_STYLE = Automatic;
				CURRENT_PROJECT_VERSION = 1;
				DEVELOPMENT_ASSET_PATHS = "\"NextStep/Preview Content\"";
				ENABLE_PREVIEWS = YES;
				GENERATE_INFOPLIST_FILE = YES;
				INFOPLIST_KEY_UIApplicationSceneManifest_Generation = YES;
				INFOPLIST_KEY_UIApplicationSupportsIndirectInputEvents = YES;
				INFOPLIST_KEY_UILaunchScreen_Generation = YES;
				INFOPLIST_KEY_UISupportedInterfaceOrientations_iPad = "UIInterfaceOrientationPortrait UIInterfaceOrientationPortraitUpsideDown UIInterfaceOrientationLandscapeLeft UIInterfaceOrientationLandscapeRight";
				INFOPLIST_KEY_UISupportedInterfaceOrientations_iPhone = "UIInterfaceOrientationPortrait UIInterfaceOrientationLandscapeLeft UIInterfaceOrientationLandscapeRight";
				LD_RUNPATH_SEARCH_PATHS = (
					"$(inherited)",
					"@executable_path/Frameworks",
				);
				MARKETING_VERSION = 1.0;
				PRODUCT_BUNDLE_IDENTIFIER = "-.NextStep";
				PRODUCT_NAME = "$(TARGET_NAME)";
				SWIFT_EMIT_LOC_STRINGS = YES;
				SWIFT_VERSION = 5.0;
				TARGETED_DEVICE_FAMILY = "1,2";
			};
			name = Debug;
		};
		0030700D2D355D3900CD8516 /* Release */ = {
			isa = XCBuildConfiguration;
			buildSettings = {
				ASSETCATALOG_COMPILER_APPICON_NAME = AppIcon;
				ASSETCATALOG_COMPILER_GLOBAL_ACCENT_COLOR_NAME = AccentColor;
				CODE_SIGN_STYLE = Automatic;
				CURRENT_PROJECT_VERSION = 1;
				DEVELOPMENT_ASSET_PATHS = "\"NextStep/Preview Content\"";
				ENABLE_PREVIEWS = YES;
				GENERATE_INFOPLIST_FILE = YES;
				INFOPLIST_KEY_UIApplicationSceneManifest_Generation = YES;
				INFOPLIST_KEY_UIApplicationSupportsIndirectInputEvents = YES;
				INFOPLIST_KEY_UILaunchScreen_Generation = YES;
				INFOPLIST_KEY_UISupportedInterfaceOrientations_iPad = "UIInterfaceOrientationPortrait UIInterfaceOrientationPortraitUpsideDown UIInterfaceOrientationLandscapeLeft UIInterfaceOrientationLandscapeRight";
				INFOPLIST_KEY_UISupportedInterfaceOrientations_iPhone = "UIInterfaceOrientationPortrait UIInterfaceOrientationLandscapeLeft UIInterfaceOrientationLandscapeRight";
				LD_RUNPATH_SEARCH_PATHS = (
					"$(inherited)",
					"@executable_path/Frameworks",
				);
				MARKETING_VERSION = 1.0;
				PRODUCT_BUNDLE_IDENTIFIER = "-.NextStep";
				PRODUCT_NAME = "$(TARGET_NAME)";
				SWIFT_EMIT_LOC_STRINGS = YES;
				SWIFT_VERSION = 5.0;
				TARGETED_DEVICE_FAMILY = "1,2";
			};
			name = Release;
		};
		0030700F2D355D3900CD8516 /* Debug */ = {
			isa = XCBuildConfiguration;
			buildSettings = {
				ALWAYS_EMBED_SWIFT_STANDARD_LIBRARIES = YES;
				BUNDLE_LOADER = "$(TEST_HOST)";
				CODE_SIGN_STYLE = Automatic;
				CURRENT_PROJECT_VERSION = 1;
				GENERATE_INFOPLIST_FILE = YES;
				IPHONEOS_DEPLOYMENT_TARGET = 17.0;
				MARKETING_VERSION = 1.0;
				PRODUCT_BUNDLE_IDENTIFIER = "-.NextStepTests";
				PRODUCT_NAME = "$(TARGET_NAME)";
				SWIFT_EMIT_LOC_STRINGS = NO;
				SWIFT_VERSION = 5.0;
				TARGETED_DEVICE_FAMILY = "1,2";
				TEST_HOST = "$(BUILT_PRODUCTS_DIR)/NextStep.app/$(BUNDLE_EXECUTABLE_FOLDER_PATH)/NextStep";
			};
			name = Debug;
		};
		003070102D355D3900CD8516 /* Release */ = {
			isa = XCBuildConfiguration;
			buildSettings = {
				ALWAYS_EMBED_SWIFT_STANDARD_LIBRARIES = YES;
				BUNDLE_LOADER = "$(TEST_HOST)";
				CODE_SIGN_STYLE = Automatic;
				CURRENT_PROJECT_VERSION = 1;
				GENERATE_INFOPLIST_FILE = YES;
				IPHONEOS_DEPLOYMENT_TARGET = 17.0;
				MARKETING_VERSION = 1.0;
				PRODUCT_BUNDLE_IDENTIFIER = "-.NextStepTests";
				PRODUCT_NAME = "$(TARGET_NAME)";
				SWIFT_EMIT_LOC_STRINGS = NO;
				SWIFT_VERSION = 5.0;
				TARGETED_DEVICE_FAMILY = "1,2";
				TEST_HOST = "$(BUILT_PRODUCTS_DIR)/NextStep.app/$(BUNDLE_EXECUTABLE_FOLDER_PATH)/NextStep";
			};
			name = Release;
		};
		003070122D355D3900CD8516 /* Debug */ = {
			isa = XCBuildConfiguration;
			buildSettings = {
				ALWAYS_EMBED_SWIFT_STANDARD_LIBRARIES = YES;
				CODE_SIGN_STYLE = Automatic;
				CURRENT_PROJECT_VERSION = 1;
				GENERATE_INFOPLIST_FILE = YES;
				MARKETING_VERSION = 1.0;
				PRODUCT_BUNDLE_IDENTIFIER = "-.NextStepUITests";
				PRODUCT_NAME = "$(TARGET_NAME)";
				SWIFT_EMIT_LOC_STRINGS = NO;
				SWIFT_VERSION = 5.0;
				TARGETED_DEVICE_FAMILY = "1,2";
				TEST_TARGET_NAME = NextStep;
			};
			name = Debug;
		};
		003070132D355D3900CD8516 /* Release */ = {
			isa = XCBuildConfiguration;
			buildSettings = {
				ALWAYS_EMBED_SWIFT_STANDARD_LIBRARIES = YES;
				CODE_SIGN_STYLE = Automatic;
				CURRENT_PROJECT_VERSION = 1;
				GENERATE_INFOPLIST_FILE = YES;
				MARKETING_VERSION = 1.0;
				PRODUCT_BUNDLE_IDENTIFIER = "-.NextStepUITests";
				PRODUCT_NAME = "$(TARGET_NAME)";
				SWIFT_EMIT_LOC_STRINGS = NO;
				SWIFT_VERSION = 5.0;
				TARGETED_DEVICE_FAMILY = "1,2";
				TEST_TARGET_NAME = NextStep;
			};
			name = Release;
		};
/* End XCBuildConfiguration section */

/* Begin XCConfigurationList section */
		00306FE02D355D3800CD8516 /* Build configuration list for PBXProject "NextStep" */ = {
			isa = XCConfigurationList;
			buildConfigurations = (
				003070092D355D3900CD8516 /* Debug */,
				0030700A2D355D3900CD8516 /* Release */,
			);
			defaultConfigurationIsVisible = 0;
			defaultConfigurationName = Release;
		};
		0030700B2D355D3900CD8516 /* Build configuration list for PBXNativeTarget "NextStep" */ = {
			isa = XCConfigurationList;
			buildConfigurations = (
				0030700C2D355D3900CD8516 /* Debug */,
				0030700D2D355D3900CD8516 /* Release */,
			);
			defaultConfigurationIsVisible = 0;
			defaultConfigurationName = Release;
		};
		0030700E2D355D3900CD8516 /* Build configuration list for PBXNativeTarget "NextStepTests" */ = {
			isa = XCConfigurationList;
			buildConfigurations = (
				0030700F2D355D3900CD8516 /* Debug */,
				003070102D355D3900CD8516 /* Release */,
			);
			defaultConfigurationIsVisible = 0;
			defaultConfigurationName = Release;
		};
		003070112D355D3900CD8516 /* Build configuration list for PBXNativeTarget "NextStepUITests" */ = {
			isa = XCConfigurationList;
			buildConfigurations = (
				003070122D355D3900CD8516 /* Debug */,
				003070132D355D3900CD8516 /* Release */,
			);
			defaultConfigurationIsVisible = 0;
			defaultConfigurationName = Release;
		};
/* End XCConfigurationList section */
	};
	rootObject = 00306FDD2D355D3800CD8516 /* Project object */;
}
